{
  "name": "testing-cypress-skip-test-plugin",
  "version": "1.0.0",
  "lockfileVersion": 2,
  "requires": true,
  "packages": {
    "": {
      "name": "testing-cypress-skip-test-plugin",
      "version": "1.0.0",
      "license": "ISC"
    }
  },
  "dependencies": {
    "@cypress/skip-test": {
      "version": "2.6.1",
      "resolved": "https://registry.npmjs.org/@cypress/skip-test/-/skip-test-2.6.1.tgz",
      "integrity": "sha512-X+ibefBiuOmC5gKG91wRIT0/OqXeETYvu7zXktjZ3yLeO186Y8ia0K7/gQUpAwuUi28DuqMd1+7tBQVtPkzbPA==",
      "dev": true
    },
    "@types/node": {
      "version": "14.17.27",
      "resolved": "https://registry.npmjs.org/@types/node/-/node-14.17.27.tgz",
      "integrity": "sha512-94+Ahf9IcaDuJTle/2b+wzvjmutxXAEXU6O81JHblYXUg2BDG+dnBy7VxIPHKAyEEDHzCMQydTJuWvrE+Aanzw==",
      "dev": true
    },
    "cypress": {
      "version": "8.6.0",
      "resolved": "https://registry.npmjs.org/cypress/-/cypress-8.6.0.tgz",
      "integrity": "sha512-F7qEK/6Go5FsqTueR+0wEw2vOVKNgk5847Mys8vsWkzPoEKdxs+7N9Y1dit+zhaZCLtMPyrMwjfA53ZFy+lSww==",
      "dev": true,
      "requires": {
        "@cypress/request": "^2.88.6",
        "@cypress/xvfb": "^1.2.4",
        "@types/node": "^14.14.31",
        "@types/sinonjs__fake-timers": "^6.0.2",
        "@types/sizzle": "^2.3.2",
        "arch": "^2.2.0",
        "blob-util": "^2.0.2",
        "bluebird": "^3.7.2",
        "cachedir": "^2.3.0",
        "chalk": "^4.1.0",
        "check-more-types": "^2.24.0",
        "cli-cursor": "^3.1.0",
        "cli-table3": "~0.6.0",
        "commander": "^5.1.0",
        "common-tags": "^1.8.0",
        "dayjs": "^1.10.4",
        "debug": "^4.3.2",
        "enquirer": "^2.3.6",
        "eventemitter2": "^6.4.3",
        "execa": "4.1.0",
        "executable": "^4.1.1",
        "extract-zip": "2.0.1",
        "figures": "^3.2.0",
        "fs-extra": "^9.1.0",
        "getos": "^3.2.1",
        "is-ci": "^3.0.0",
        "is-installed-globally": "~0.4.0",
        "lazy-ass": "^1.6.0",
        "listr2": "^3.8.3",
        "lodash": "^4.17.21",
        "log-symbols": "^4.0.0",
        "minimist": "^1.2.5",
        "ospath": "^1.2.2",
        "pretty-bytes": "^5.6.0",
        "proxy-from-env": "1.0.0",
        "ramda": "~0.27.1",
        "request-progress": "^3.0.0",
        "supports-color": "^8.1.1",
        "tmp": "~0.2.1",
        "untildify": "^4.0.0",
        "url": "^0.11.0",
        "yauzl": "^2.10.0"
      },
      "dependencies": {
        "chalk": {
          "version": "4.1.2",
          "resolved": "https://registry.npmjs.org/chalk/-/chalk-4.1.2.tgz",
          "integrity": "sha512-oKnbhFyRIXpUuez8iBMmyEa4nbj4IOQyuhc/wy9kY7/WVPcwIO9VA668Pu8RkO7+0G76SLROeyw9CpQ061i4mA==",
          "dev": true,
          "requires": {
            "ansi-styles": "^4.1.0",
            "supports-color": "^7.1.0"
          },
          "dependencies": {
            "supports-color": {
              "version": "7.2.0",
              "resolved": "https://registry.npmjs.org/supports-color/-/supports-color-7.2.0.tgz",
              "integrity": "sha512-qpCAvRl9stuOHveKsn7HncJRvv501qIacKzQlO/+Lwxc9+0q2wLyv4Dfvt80/DPn2pqOBsJdDiogXGR9+OvwRw==",
              "dev": true,
              "requires": {
                "has-flag": "^4.0.0"
              }
            }
          }
        },
        "commander": {
          "version": "5.1.0",
          "resolved": "https://registry.npmjs.org/commander/-/commander-5.1.0.tgz",
          "integrity": "sha512-P0CysNDQ7rtVw4QIQtm+MRxV66vKFSvlsQvGYXZWR3qFU0jlMKHZZZgw8e+8DSah4UDKMqnknRDQz+xuQXQ/Zg==",
          "dev": true
        },
        "glob": {
          "version": "7.2.0",
          "resolved": "https://registry.npmjs.org/glob/-/glob-7.2.0.tgz",
          "integrity": "sha512-lmLf6gtyrPq8tTjSmrO94wBeQbFR3HbLHbuyD69wuyQkImp2hWqMGB47OX65FBkPffO641IP9jWa1z4ivqG26Q==",
          "dev": true,
          "requires": {
            "fs.realpath": "^1.0.0",
            "inflight": "^1.0.4",
            "inherits": "2",
            "minimatch": "^3.0.4",
            "once": "^1.3.0",
            "path-is-absolute": "^1.0.0"
          }
        },
        "has-flag": {
          "version": "4.0.0",
          "resolved": "https://registry.npmjs.org/has-flag/-/has-flag-4.0.0.tgz",
          "integrity": "sha512-EykJT/Q1KjTWctppgIAgfSO0tKVuZUjhgMr17kqTumMl6Afv3EISleU7qZUzoXDFTAHTDC4NOoG/ZxU3EvlMPQ==",
          "dev": true
        },
        "rimraf": {
          "version": "3.0.2",
          "resolved": "https://registry.npmjs.org/rimraf/-/rimraf-3.0.2.tgz",
          "integrity": "sha512-JZkJMZkAGFFPP2YqXZXPbMlMBgsxzE8ILs4lMIX/2o0L9UBw9O/Y3o6wFw/i9YLapcUJWwqbi3kdxIPdC62TIA==",
          "dev": true,
          "requires": {
            "glob": "^7.1.3"
          }
        },
        "supports-color": {
          "version": "8.1.1",
          "resolved": "https://registry.npmjs.org/supports-color/-/supports-color-8.1.1.tgz",
          "integrity": "sha512-MpUEN2OodtUzxvKQl72cUF7RQ5EiHsGvSsVG0ia9c5RbWGL2CI4C7EpPS8UTBIplnlzZiNuV56w+FuNxy3ty2Q==",
          "dev": true,
          "requires": {
            "has-flag": "^4.0.0"
          }
        },
        "tmp": {
          "version": "0.2.1",
          "resolved": "https://registry.npmjs.org/tmp/-/tmp-0.2.1.tgz",
          "integrity": "sha512-76SUhtfqR2Ijn+xllcI5P1oyannHNHByD80W1q447gU3mp9G9PSpGdWmjUOHRDPiHYacIk66W7ubDTuPF3BEtQ==",
          "dev": true,
          "requires": {
            "rimraf": "^3.0.0"
          }
        }
      }
    },
    "typescript": {
      "version": "3.9.7",
      "resolved": "https://registry.npmjs.org/typescript/-/typescript-3.9.7.tgz",
      "integrity": "sha512-BLbiRkiBzAwsjut4x/dsibSTB6yWpwT5qWmC2OfuCg3GgVQCSgMs4vEctYPhsaGtd0AeuuHMkjZ2h2WG8MSzRw==",
      "dev": true
    }
  }
}